
Microsoft Visual Studio Solution File, Format Version 12.00
# Visual Studio Version 16
VisualStudioVersion = 16.0.33027.164
MinimumVisualStudioVersion = 10.0.40219.1
Project("{FAE04EC0-301F-11D3-BF4B-00C04F79EFBC}") = "NZWalks.API", "NZWalks.API\NZWalks.API.csproj", "{A751026C-B08B-4AC6-8A12-D8D6662465FA}"
EndProject
Global
	GlobalSection(SolutionConfigurationPlatforms) = preSolution
		Debug|Any CPU = Debug|Any CPU
		Release|Any CPU = Release|Any CPU
	EndGlobalSection
	GlobalSection(ProjectConfigurationPlatforms) = postSolution
		{A751026C-B08B-4AC6-8A12-D8D6662465FA}.Debug|Any CPU.ActiveCfg = Debug|Any CPU
		{A751026C-B08B-4AC6-8A12-D8D6662465FA}.Debug|Any CPU.Build.0 = Debug|Any CPU
		{A751026C-B08B-4AC6-8A12-D8D6662465FA}.Release|Any CPU.ActiveCfg = Release|Any CPU
		{A751026C-B08B-4AC6-8A12-D8D6662465FA}.Release|Any CPU.Build.0 = Release|Any CPU
	EndGlobalSection
	GlobalSection(SolutionProperties) = preSolution
		HideSolutionNode = FALSE
	EndGlobalSection
	GlobalSection(ExtensibilityGlobals) = postSolution
		SolutionGuid = {1681E376-988F-4A83-A36A-A5C1A1E2A54D}
	EndGlobalSection
EndGlobal
